
Microsoft Visual Studio Solution File, Format Version 12.00
# Visual Studio Version 17
VisualStudioVersion = 17.14.36301.6 d17.14
MinimumVisualStudioVersion = 10.0.40219.1
Project("{FAE04EC0-301F-11D3-BF4B-00C04F79EFBC}") = "urhajos_szimulacio", "urhajos_szimulacio\urhajos_szimulacio.csproj", "{7B8B9C51-87A2-40E8-AB21-A77D904BC90E}"
EndProject
Project("{FAE04EC0-301F-11D3-BF4B-00C04F79EFBC}") = "urhajos_projekt_console", "..\urhajos_projekt_console\urhajos_projekt_console\urhajos_projekt_console.csproj", "{F496109F-A879-4F0B-BC4F-892A0A3F2221}"
EndProject
Global
	GlobalSection(SolutionConfigurationPlatforms) = preSolution
		Debug|Any CPU = Debug|Any CPU
		Release|Any CPU = Release|Any CPU
	EndGlobalSection
	GlobalSection(ProjectConfigurationPlatforms) = postSolution
		{7B8B9C51-87A2-40E8-AB21-A77D904BC90E}.Debug|Any CPU.ActiveCfg = Debug|Any CPU
		{7B8B9C51-87A2-40E8-AB21-A77D904BC90E}.Debug|Any CPU.Build.0 = Debug|Any CPU
		{7B8B9C51-87A2-40E8-AB21-A77D904BC90E}.Release|Any CPU.ActiveCfg = Release|Any CPU
		{7B8B9C51-87A2-40E8-AB21-A77D904BC90E}.Release|Any CPU.Build.0 = Release|Any CPU
		{F496109F-A879-4F0B-BC4F-892A0A3F2221}.Debug|Any CPU.ActiveCfg = Debug|Any CPU
		{F496109F-A879-4F0B-BC4F-892A0A3F2221}.Debug|Any CPU.Build.0 = Debug|Any CPU
		{F496109F-A879-4F0B-BC4F-892A0A3F2221}.Release|Any CPU.ActiveCfg = Release|Any CPU
		{F496109F-A879-4F0B-BC4F-892A0A3F2221}.Release|Any CPU.Build.0 = Release|Any CPU
	EndGlobalSection
	GlobalSection(SolutionProperties) = preSolution
		HideSolutionNode = FALSE
	EndGlobalSection
	GlobalSection(ExtensibilityGlobals) = postSolution
		SolutionGuid = {F8674DF3-4F53-40C3-9680-6FCD88366FA4}
	EndGlobalSection
EndGlobal
